<?xml version="1.0" encoding="utf-8"?>
<Project ToolsVersion="4.0" xmlns="http://schemas.microsoft.com/developer/msbuild/2003">
  <ItemGroup>
    <Filter Include="Shared">
      <UniqueIdentifier>{c91c22f6-3dce-47b0-bc3f-833cd0dcaeab}</UniqueIdentifier>
    </Filter>
    <Filter Include="Anti Debug">
      <UniqueIdentifier>{5fdefd19-5e38-47db-bad0-7679e2e73119}</UniqueIdentifier>
    </Filter>
    <Filter Include="Anti Debug\Source">
      <UniqueIdentifier>{d3d4f819-45fe-4ff8-a642-40938d5bbf63}</UniqueIdentifier>
    </Filter>
    <Filter Include="Shared\Source">
      <UniqueIdentifier>{30aa9622-31b8-47de-a64b-f0503cefe90b}</UniqueIdentifier>
    </Filter>
    <Filter Include="Anti Debug\Header">
      <UniqueIdentifier>{00aafaa3-1584-43fd-a9cb-d169398d3f98}</UniqueIdentifier>
    </Filter>
    <Filter Include="Shared\Header">
      <UniqueIdentifier>{8980166c-8adb-44bb-9c23-35e28cddc865}</UniqueIdentifier>
    </Filter>
    <Filter Include="Anti Dump">
      <UniqueIdentifier>{32fd265e-9b6e-4a03-a556-03f9496e0400}</UniqueIdentifier>
    </Filter>
    <Filter Include="Anti Dump\Source">
      <UniqueIdentifier>{db9f9f1a-82bd-495c-a3a5-bc75bb91d9a0}</UniqueIdentifier>
    </Filter>
    <Filter Include="Anti Dump\Header">
      <UniqueIdentifier>{93973427-9250-43d9-a191-7dd8a214487f}</UniqueIdentifier>
    </Filter>
    <Filter Include="Code Injections">
      <UniqueIdentifier>{2099a16e-7aac-4042-8043-76b4f4790657}</UniqueIdentifier>
    </Filter>
    <Filter Include="Code Injections\Header">
      <UniqueIdentifier>{3ef29626-8e77-42c9-a616-21c712448e9c}</UniqueIdentifier>
    </Filter>
    <Filter Include="Code Injections\Source">
      <UniqueIdentifier>{a27683d8-3c18-4558-8023-a2bfedb3253f}</UniqueIdentifier>
    </Filter>
    <Filter Include="Timing Attacks">
      <UniqueIdentifier>{1a1926b1-e8e3-4083-8082-6b4907f195cd}</UniqueIdentifier>
    </Filter>
    <Filter Include="Timing Attacks\Source">
      <UniqueIdentifier>{f6bec4e5-29b8-484e-8438-bbf8747222de}</UniqueIdentifier>
    </Filter>
    <Filter Include="Timing Attacks\Header">
      <UniqueIdentifier>{bacf628e-5c25-4a94-976b-0063f79ae80e}</UniqueIdentifier>
    </Filter>
    <Filter Include="Anti Analysis">
      <UniqueIdentifier>{a1a7be14-800a-4f5a-b7a9-a632428b3bdb}</UniqueIdentifier>
    </Filter>
    <Filter Include="Anti Analysis\Source">
      <UniqueIdentifier>{12506780-9d25-4241-a23e-155f4e6a198e}</UniqueIdentifier>
    </Filter>
    <Filter Include="Anti Analysis\Header">
      <UniqueIdentifier>{b2e0bced-b57a-4f88-8284-4fb2b54e4590}</UniqueIdentifier>
    </Filter>
    <Filter Include="Anti VM / Emulation">
      <UniqueIdentifier>{edbd865b-9e3e-4fe6-8f22-59fa166bd962}</UniqueIdentifier>
    </Filter>
    <Filter Include="Anti VM / Emulation\Source">
      <UniqueIdentifier>{ae89ce38-87c4-4d79-af26-a878b21e966d}</UniqueIdentifier>
    </Filter>
    <Filter Include="Anti VM / Emulation\Header">
      <UniqueIdentifier>{9c454b48-8d37-4daf-b957-3a8a5924a444}</UniqueIdentifier>
    </Filter>
    <Filter Include="Macro">
      <UniqueIdentifier>{494032c7-e505-470f-9d77-c451b309bc5d}</UniqueIdentifier>
    </Filter>
  </ItemGroup>
  <ItemGroup>
    <None Include="..\LICENSE" />
    <None Include="..\README.md" />
    <None Include="..\.gitignore" />
    <None Include="macros.vba">
      <Filter>Macro</Filter>
    </None>
  </ItemGroup>
  <ItemGroup>
    <ClCompile Include="Anti Debug\CheckRemoteDebuggerPresentAPI.cpp">
      <Filter>Anti Debug\Source</Filter>
    </ClCompile>
    <ClCompile Include="Anti Debug\IsDebuggerPresent.cpp">
      <Filter>Anti Debug\Source</Filter>
    </ClCompile>
    <ClCompile Include="Anti Debug\PEB_BeingDebugged.cpp">
      <Filter>Anti Debug\Source</Filter>
    </ClCompile>
    <ClCompile Include="Anti Debug\ProcessHeap_Flags.cpp">
      <Filter>Anti Debug\Source</Filter>
    </ClCompile>
    <ClCompile Include="Anti Debug\ProcessHeap_ForceFlags.cpp">
      <Filter>Anti Debug\Source</Filter>
    </ClCompile>
    <ClCompile Include="Anti Debug\ProcessHeap_NtGlobalFlag.cpp">
      <Filter>Anti Debug\Source</Filter>
    </ClCompile>
    <ClCompile Include="Shared\Common.cpp">
      <Filter>Shared\Source</Filter>
    </ClCompile>
    <ClCompile Include="Al-khaser.cpp" />
    <ClCompile Include="Anti Debug\NtQueryInformationProcess_ProcessDebugFlags.cpp">
      <Filter>Anti Debug\Source</Filter>
    </ClCompile>
    <ClCompile Include="Anti Debug\NtQueryInformationProcess_ProcessDebugPort.cpp">
      <Filter>Anti Debug\Source</Filter>
    </ClCompile>
    <ClCompile Include="Anti Debug\NtQueryInformationProcess_ProcessDebugObject.cpp">
      <Filter>Anti Debug\Source</Filter>
    </ClCompile>
    <ClCompile Include="Anti Debug\CloseHandle_InvalidHandle.cpp">
      <Filter>Anti Debug\Source</Filter>
    </ClCompile>
    <ClCompile Include="Anti Debug\UnhandledExceptionFilter_Handler.cpp">
      <Filter>Anti Debug\Source</Filter>
    </ClCompile>
    <ClCompile Include="Anti Debug\OutputDebugStringAPI.cpp">
      <Filter>Anti Debug\Source</Filter>
    </ClCompile>
    <ClCompile Include="Anti Debug\NtSetInformationThread_ThreadHideFromDebugger.cpp">
      <Filter>Anti Debug\Source</Filter>
    </ClCompile>
    <ClCompile Include="Anti Debug\HardwareBreakpoints.cpp">
      <Filter>Anti Debug\Source</Filter>
    </ClCompile>
    <ClCompile Include="Anti Debug\SoftwareBreakpoints.cpp">
      <Filter>Anti Debug\Source</Filter>
    </ClCompile>
    <ClCompile Include="Anti Debug\Interrupt_0x2d.cpp">
      <Filter>Anti Debug\Source</Filter>
    </ClCompile>
    <ClCompile Include="Anti Debug\Interrupt_3.cpp">
      <Filter>Anti Debug\Source</Filter>
    </ClCompile>
    <ClCompile Include="Anti Debug\MemoryBreakpoints_PageGuard.cpp">
      <Filter>Anti Debug\Source</Filter>
    </ClCompile>
    <ClCompile Include="Anti Debug\ParentProcess.cpp">
      <Filter>Anti Debug\Source</Filter>
    </ClCompile>
    <ClCompile Include="Anti Debug\SeDebugPrivilege.cpp">
      <Filter>Anti Debug\Source</Filter>
    </ClCompile>
    <ClCompile Include="Anti Dump\ErasePEHeaderFromMemory.cpp">
      <Filter>Anti Dump\Source</Filter>
    </ClCompile>
    <ClCompile Include="Anti VM\VirtualBox.cpp">
      <Filter>Anti VM / Emulation\Source</Filter>
    </ClCompile>
    <ClCompile Include="Shared\Utils.cpp">
      <Filter>Shared\Source</Filter>
    </ClCompile>
    <ClCompile Include="Anti Debug\NtQueryObject_ObjectTypeInformation.cpp">
      <Filter>Anti Debug\Source</Filter>
    </ClCompile>
    <ClCompile Include="Anti Debug\NtQueryObject_AllTypesInformation.cpp">
      <Filter>Anti Debug\Source</Filter>
    </ClCompile>
    <ClCompile Include="Anti Debug\NtYieldExecution.cpp">
      <Filter>Anti Debug\Source</Filter>
    </ClCompile>
    <ClCompile Include="Code Injections\SetWindowsHooksEx.cpp">
      <Filter>Code Injections\Source</Filter>
    </ClCompile>
    <ClCompile Include="Code Injections\NtCreateThreadEx.cpp">
      <Filter>Code Injections\Source</Filter>
    </ClCompile>
    <ClCompile Include="Code Injections\RtlCreateUserThread.cpp">
      <Filter>Code Injections\Source</Filter>
    </ClCompile>
    <ClCompile Include="Code Injections\QueueUserAPC.cpp">
      <Filter>Code Injections\Source</Filter>
    </ClCompile>
    <ClCompile Include="Code Injections\GetSetThreadContext.cpp">
      <Filter>Code Injections\Source</Filter>
    </ClCompile>
    <ClCompile Include="Code Injections\CreateRemoteThread.cpp">
      <Filter>Code Injections\Source</Filter>
    </ClCompile>
    <ClCompile Include="timing-attacks\timing.cpp">
      <Filter>Timing Attacks\Source</Filter>
    </ClCompile>
    <ClCompile Include="Anti Dump\SizeOfImage.cpp">
      <Filter>Anti Dump\Source</Filter>
    </ClCompile>
    <ClCompile Include="Anti VM\VMWare.cpp">
      <Filter>Anti VM / Emulation\Source</Filter>
    </ClCompile>
    <ClCompile Include="Anti Debug\SetHandleInformation_API.cpp">
      <Filter>Anti Debug\Source</Filter>
    </ClCompile>
    <ClCompile Include="Anti VM\Wine.cpp">
      <Filter>Anti VM / Emulation\Source</Filter>
    </ClCompile>
    <ClCompile Include="Anti VM\Generic.cpp">
      <Filter>Anti VM / Emulation\Source</Filter>
    </ClCompile>
    <ClCompile Include="Anti Analysis\file.cpp">
      <Filter>Anti Analysis\Source</Filter>
    </ClCompile>
    <ClCompile Include="Anti Analysis\process.cpp">
      <Filter>Anti Analysis\Source</Filter>
    </ClCompile>
    <ClCompile Include="Anti VM\Qemu.cpp">
      <Filter>Anti VM / Emulation\Source</Filter>
    </ClCompile>
    <ClCompile Include="Anti VM\VirtualPC.cpp">
      <Filter>Anti VM / Emulation\Header</Filter>
    </ClCompile>
    <ClCompile Include="Anti VM\Parallels.cpp">
      <Filter>Anti VM / Emulation\Source</Filter>
    </ClCompile>
    <ClCompile Include="Anti VM\Xen.cpp">
      <Filter>Anti VM / Emulation\Source</Filter>
    </ClCompile>
    <ClCompile Include="Shared\log.cpp">
      <Filter>Shared\Source</Filter>
    </ClCompile>
    <ClCompile Include="Anti Debug\TLS_callbacks.cpp">
      <Filter>Anti Debug\Source</Filter>
    </ClCompile>
  </ItemGroup>
  <ItemGroup>
    <ClInclude Include="Shared\VersionHelpers.h">
      <Filter>Shared\Header</Filter>
    </ClInclude>
    <ClInclude Include="Shared\winapifamily.h">
      <Filter>Shared\Header</Filter>
    </ClInclude>
    <ClInclude Include="Shared\Common.h">
      <Filter>Shared\Header</Filter>
    </ClInclude>
    <ClInclude Include="Shared\Utils.h">
      <Filter>Shared\Header</Filter>
    </ClInclude>
    <ClInclude Include="Shared\Main.h">
      <Filter>Shared\Header</Filter>
    </ClInclude>
    <ClInclude Include="Anti Debug\CheckRemoteDebuggerPresentAPI.h">
      <Filter>Anti Debug\Header</Filter>
    </ClInclude>
    <ClInclude Include="Anti Debug\IsDebuggerPresent.h">
      <Filter>Anti Debug\Header</Filter>
    </ClInclude>
    <ClInclude Include="Anti Debug\PEB_BeingDebugged.h">
      <Filter>Anti Debug\Header</Filter>
    </ClInclude>
    <ClInclude Include="Anti Debug\ProcessHeap_Flags.h">
      <Filter>Anti Debug\Header</Filter>
    </ClInclude>
    <ClInclude Include="Anti Debug\ProcessHeap_ForceFlags.h">
      <Filter>Anti Debug\Header</Filter>
    </ClInclude>
    <ClInclude Include="Anti Debug\ProcessHeap_NtGlobalFlag.h">
      <Filter>Anti Debug\Header</Filter>
    </ClInclude>
    <ClInclude Include="Anti Debug\NtQueryInformationProcess_ProcessDebugFlags.h">
      <Filter>Anti Debug\Header</Filter>
    </ClInclude>
    <ClInclude Include="Anti Debug\NtQueryInformationProcess_ProcessDebugPort.h">
      <Filter>Anti Debug\Header</Filter>
    </ClInclude>
    <ClInclude Include="Anti Debug\NtQueryInformationProcess_ProcessDebugObject.h">
      <Filter>Anti Debug\Header</Filter>
    </ClInclude>
    <ClInclude Include="Anti Debug\CloseHandle_InvalidHandle.h">
      <Filter>Anti Debug\Header</Filter>
    </ClInclude>
    <ClInclude Include="Anti Debug\UnhandledExceptionFilter_Handler.h">
      <Filter>Anti Debug\Header</Filter>
    </ClInclude>
    <ClInclude Include="Anti Debug\OutputDebugStringAPI.h">
      <Filter>Anti Debug\Header</Filter>
    </ClInclude>
    <ClInclude Include="Anti Debug\NtSetInformationThread_ThreadHideFromDebugger.h">
      <Filter>Anti Debug\Header</Filter>
    </ClInclude>
    <ClInclude Include="Anti Debug\HardwareBreakpoints.h">
      <Filter>Anti Debug\Header</Filter>
    </ClInclude>
    <ClInclude Include="Anti Debug\SoftwareBreakpoints.h">
      <Filter>Anti Debug\Header</Filter>
    </ClInclude>
    <ClInclude Include="Anti Debug\Interrupt_0x2d.h">
      <Filter>Anti Debug\Header</Filter>
    </ClInclude>
    <ClInclude Include="Anti Debug\Interrupt_3.h">
      <Filter>Anti Debug\Header</Filter>
    </ClInclude>
    <ClInclude Include="Anti Debug\MemoryBreakpoints_PageGuard.h">
      <Filter>Anti Debug\Header</Filter>
    </ClInclude>
    <ClInclude Include="Anti Debug\ParentProcess.h">
      <Filter>Anti Debug\Header</Filter>
    </ClInclude>
    <ClInclude Include="Anti Debug\SeDebugPrivilege.h">
      <Filter>Anti Debug\Header</Filter>
    </ClInclude>
    <ClInclude Include="Anti Dump\ErasePEHeaderFromMemory.h">
      <Filter>Anti Dump\Header</Filter>
    </ClInclude>
    <ClInclude Include="Anti VM\VirtualBox.h">
      <Filter>Anti VM / Emulation\Header</Filter>
    </ClInclude>
    <ClInclude Include="Anti Debug\NtQueryObject_ObjectInformation.h">
      <Filter>Anti Debug\Header</Filter>
    </ClInclude>
    <ClInclude Include="Anti Debug\NtYieldExecution.h">
      <Filter>Anti Debug\Header</Filter>
    </ClInclude>
    <ClInclude Include="Code Injections\SetWindowsHooksEx.h">
      <Filter>Code Injections\Header</Filter>
    </ClInclude>
    <ClInclude Include="Code Injections\NtCreateThreadEx.h">
      <Filter>Code Injections\Header</Filter>
    </ClInclude>
    <ClInclude Include="Code Injections\RtlCreateUserThread.h">
      <Filter>Code Injections\Header</Filter>
    </ClInclude>
    <ClInclude Include="Code Injections\QueueUserAPC.h">
      <Filter>Code Injections\Header</Filter>
    </ClInclude>
    <ClInclude Include="Code Injections\GetSetThreadContext.h">
      <Filter>Code Injections\Header</Filter>
    </ClInclude>
    <ClInclude Include="Code Injections\CreateRemoteThread.h">
      <Filter>Code Injections\Header</Filter>
    </ClInclude>
    <ClInclude Include="timing-attacks\timing.h">
      <Filter>Timing Attacks\Header</Filter>
    </ClInclude>
    <ClInclude Include="Anti Dump\SizeOfImage.h">
      <Filter>Anti Dump\Header</Filter>
    </ClInclude>
    <ClInclude Include="Anti VM\VMWare.h">
      <Filter>Anti VM / Emulation\Header</Filter>
    </ClInclude>
    <ClInclude Include="Anti Debug\SetHandleInformation_API.h">
      <Filter>Anti Debug\Header</Filter>
    </ClInclude>
    <ClInclude Include="Anti VM\Wine.h">
      <Filter>Anti VM / Emulation\Header</Filter>
    </ClInclude>
    <ClInclude Include="Anti VM\Generic.h">
      <Filter>Anti VM / Emulation\Header</Filter>
    </ClInclude>
    <ClInclude Include="Anti Analysis\process.h">
      <Filter>Anti Analysis\Header</Filter>
    </ClInclude>
    <ClInclude Include="Anti Analysis\file.h">
      <Filter>Anti Analysis\Header</Filter>
    </ClInclude>
    <ClInclude Include="Anti VM\Qemu.h">
      <Filter>Anti VM / Emulation\Header</Filter>
    </ClInclude>
    <ClInclude Include="Anti VM\VirtualPC.h">
      <Filter>Anti VM / Emulation\Source</Filter>
    </ClInclude>
    <ClInclude Include="Anti VM\Parallels.h">
      <Filter>Anti VM / Emulation\Header</Filter>
    </ClInclude>
    <ClInclude Include="Anti VM\Xen.h">
      <Filter>Anti VM / Emulation\Header</Filter>
    </ClInclude>
    <ClInclude Include="Shared\log.h">
      <Filter>Shared\Header</Filter>
    </ClInclude>
    <ClInclude Include="Anti Debug\TLS_callbacks.h">
      <Filter>Anti Debug\Header</Filter>
    </ClInclude>
  </ItemGroup>
  <ItemGroup>
    <MASM Include="Anti Debug\int2d_x64.asm">
      <Filter>Anti Debug\Source</Filter>
    </MASM>
    <MASM Include="Anti Debug\int2d_x86.asm">
      <Filter>Anti Debug\Source</Filter>
    </MASM>
  </ItemGroup>
</Project>